
Microsoft Visual Studio Solution File, Format Version 12.00
# Visual Studio 2013
VisualStudioVersion = 12.0.21005.1
MinimumVisualStudioVersion = 10.0.40219.1
Project("{FAE04EC0-301F-11D3-BF4B-00C04F79EFBC}") = "MobileDesktop", "MobileDesktop\MobileDesktop.csproj", "{D7CE455C-18BD-40BF-8331-3ABD88722A47}"
EndProject
Project("{FAE04EC0-301F-11D3-BF4B-00C04F79EFBC}") = "WcfMobile", "WcfMobile\WcfMobile.csproj", "{FD4A3821-7ABC-4C35-9B09-048E4DE985E5}"
EndProject
Project("{FAE04EC0-301F-11D3-BF4B-00C04F79EFBC}") = "WebMobile", "WebMobile\WebMobile.csproj", "{89B6E43D-78F6-4E1E-A2B4-B6A8DCB4C294}"
	ProjectSection(ProjectDependencies) = postProject
		{FD4A3821-7ABC-4C35-9B09-048E4DE985E5} = {FD4A3821-7ABC-4C35-9B09-048E4DE985E5}
	EndProjectSection
EndProject
Global
	GlobalSection(SolutionConfigurationPlatforms) = preSolution
		Debug|Any CPU = Debug|Any CPU
		Release|Any CPU = Release|Any CPU
	EndGlobalSection
	GlobalSection(ProjectConfigurationPlatforms) = postSolution
		{D7CE455C-18BD-40BF-8331-3ABD88722A47}.Debug|Any CPU.ActiveCfg = Debug|Any CPU
		{D7CE455C-18BD-40BF-8331-3ABD88722A47}.Debug|Any CPU.Build.0 = Debug|Any CPU
		{D7CE455C-18BD-40BF-8331-3ABD88722A47}.Release|Any CPU.ActiveCfg = Release|Any CPU
		{D7CE455C-18BD-40BF-8331-3ABD88722A47}.Release|Any CPU.Build.0 = Release|Any CPU
		{FD4A3821-7ABC-4C35-9B09-048E4DE985E5}.Debug|Any CPU.ActiveCfg = Debug|Any CPU
		{FD4A3821-7ABC-4C35-9B09-048E4DE985E5}.Debug|Any CPU.Build.0 = Debug|Any CPU
		{FD4A3821-7ABC-4C35-9B09-048E4DE985E5}.Release|Any CPU.ActiveCfg = Release|Any CPU
		{FD4A3821-7ABC-4C35-9B09-048E4DE985E5}.Release|Any CPU.Build.0 = Release|Any CPU
		{89B6E43D-78F6-4E1E-A2B4-B6A8DCB4C294}.Debug|Any CPU.ActiveCfg = Debug|Any CPU
		{89B6E43D-78F6-4E1E-A2B4-B6A8DCB4C294}.Debug|Any CPU.Build.0 = Debug|Any CPU
		{89B6E43D-78F6-4E1E-A2B4-B6A8DCB4C294}.Release|Any CPU.ActiveCfg = Release|Any CPU
		{89B6E43D-78F6-4E1E-A2B4-B6A8DCB4C294}.Release|Any CPU.Build.0 = Release|Any CPU
	EndGlobalSection
	GlobalSection(SolutionProperties) = preSolution
		HideSolutionNode = FALSE
	EndGlobalSection
EndGlobal
